
Microsoft Visual Studio Solution File, Format Version 12.00
# Visual Studio Version 17
VisualStudioVersion = 17.13.35913.81
MinimumVisualStudioVersion = 10.0.40219.1
Project("{FAE04EC0-301F-11D3-BF4B-00C04F79EFBC}") = "Darpan-NewsPortal", "Darpan-NewsPortal\Darpan-NewsPortal.csproj", "{31743D87-F399-4E9F-989E-FFEC8474ED15}"
EndProject
Global
	GlobalSection(SolutionConfigurationPlatforms) = preSolution
		Debug|Any CPU = Debug|Any CPU
		Release|Any CPU = Release|Any CPU
	EndGlobalSection
	GlobalSection(ProjectConfigurationPlatforms) = postSolution
		{31743D87-F399-4E9F-989E-FFEC8474ED15}.Debug|Any CPU.ActiveCfg = Debug|Any CPU
		{31743D87-F399-4E9F-989E-FFEC8474ED15}.Debug|Any CPU.Build.0 = Debug|Any CPU
		{31743D87-F399-4E9F-989E-FFEC8474ED15}.Release|Any CPU.ActiveCfg = Release|Any CPU
		{31743D87-F399-4E9F-989E-FFEC8474ED15}.Release|Any CPU.Build.0 = Release|Any CPU
	EndGlobalSection
	GlobalSection(SolutionProperties) = preSolution
		HideSolutionNode = FALSE
	EndGlobalSection
	GlobalSection(ExtensibilityGlobals) = postSolution
		SolutionGuid = {34F91189-4B56-43DE-930D-BDE85575FB72}
	EndGlobalSection
EndGlobal
